{
    "name": "graphql-api-and-serverless",
    "version": "1.0.0",
    "lockfileVersion": 1,
    "requires": true,
    "dependencies": {
        "@envelop/core": {
            "version": "4.0.0",
            "resolved": "https://registry.npmjs.org/@envelop/core/-/core-4.0.0.tgz",
            "integrity": "sha512-6usEZO86hWT0ZajAbhOX0QXlV++lrlEmu8br6KQVvyXOxttiHADIibgfzb3GtSI7RnnJDnrcRb7Jynv6Lca3iQ==",
            "requires": {
                "@envelop/types": "4.0.0",
                "tslib": "^2.5.0"
            }
        },
        "@envelop/types": {
            "version": "4.0.0",
            "resolved": "https://registry.npmjs.org/@envelop/types/-/types-4.0.0.tgz",
            "integrity": "sha512-dmBK16VVfKCkqYYemvE+gt1cPBP0d9CbYO4yjNhSSYy9K+w6+Lw48wOLK238mSR339PNAvwj/JW/qzNy2llggA==",
            "requires": {
                "tslib": "^2.5.0"
            }
        },
        "@graphql-tools/executor": {
            "version": "1.2.0",
            "resolved": "https://registry.npmjs.org/@graphql-tools/executor/-/executor-1.2.0.tgz",
            "integrity": "sha512-SKlIcMA71Dha5JnEWlw4XxcaJ+YupuXg0QCZgl2TOLFz4SkGCwU/geAsJvUJFwK2RbVLpQv/UMq67lOaBuwDtg==",
            "requires": {
                "@graphql-tools/utils": "^10.0.0",
                "@graphql-typed-document-node/core": "3.2.0",
                "@repeaterjs/repeater": "^3.0.4",
                "tslib": "^2.4.0",
                "value-or-promise": "^1.0.12"
            }
        },
        "@graphql-tools/merge": {
            "version": "9.0.0",
            "resolved": "https://registry.npmjs.org/@graphql-tools/merge/-/merge-9.0.0.tgz",
            "integrity": "sha512-J7/xqjkGTTwOJmaJQJ2C+VDBDOWJL3lKrHJN4yMaRLAJH3PosB7GiPRaSDZdErs0+F77sH2MKs2haMMkywzx7Q==",
            "requires": {
                "@graphql-tools/utils": "^10.0.0",
                "tslib": "^2.4.0"
            }
        },
        "@graphql-tools/schema": {
            "version": "10.0.0",
            "resolved": "https://registry.npmjs.org/@graphql-tools/schema/-/schema-10.0.0.tgz",
            "integrity": "sha512-kf3qOXMFcMs2f/S8Y3A8fm/2w+GaHAkfr3Gnhh2LOug/JgpY/ywgFVxO3jOeSpSEdoYcDKLcXVjMigNbY4AdQg==",
            "requires": {
                "@graphql-tools/merge": "^9.0.0",
                "@graphql-tools/utils": "^10.0.0",
                "tslib": "^2.4.0",
                "value-or-promise": "^1.0.12"
            }
        },
        "@graphql-tools/utils": {
            "version": "10.0.5",
            "resolved": "https://registry.npmjs.org/@graphql-tools/utils/-/utils-10.0.5.tgz",
            "integrity": "sha512-ZTioQqg9z9eCG3j+KDy54k1gp6wRIsLqkx5yi163KVvXVkfjsrdErCyZjrEug21QnKE9piP4tyxMpMMOT1RuRw==",
            "requires": {
                "@graphql-typed-document-node/core": "^3.1.1",
                "dset": "^3.1.2",
                "tslib": "^2.4.0"
            }
        },
        "@graphql-typed-document-node/core": {
            "version": "3.2.0",
            "resolved": "https://registry.npmjs.org/@graphql-typed-document-node/core/-/core-3.2.0.tgz",
            "integrity": "sha512-mB9oAsNCm9aM3/SOv4YtBMqZbYj10R7dkq8byBqxGY/ncFwhf2oQzMV+LCRlWoDSEBJ3COiR1yeDvMtsoOsuFQ=="
        },
        "@graphql-yoga/logger": {
            "version": "1.0.0",
            "resolved": "https://registry.npmjs.org/@graphql-yoga/logger/-/logger-1.0.0.tgz",
            "integrity": "sha512-JYoxwnPggH2BfO+dWlWZkDeFhyFZqaTRGLvFhy+Pjp2UxitEW6nDrw+pEDw/K9tJwMjIFMmTT9VfTqrnESmBHg==",
            "requires": {
                "tslib": "^2.5.2"
            }
        },
        "@graphql-yoga/subscription": {
            "version": "4.0.0",
            "resolved": "https://registry.npmjs.org/@graphql-yoga/subscription/-/subscription-4.0.0.tgz",
            "integrity": "sha512-0qsN/BPPZNMoC2CZ8i+P6PgiJyHh1H35aKDt37qARBDaIOKDQuvEOq7+4txUKElcmXi7DYFo109FkhSQoEajrg==",
            "requires": {
                "@graphql-yoga/typed-event-target": "^2.0.0",
                "@repeaterjs/repeater": "^3.0.4",
                "@whatwg-node/events": "^0.1.0",
                "tslib": "^2.5.2"
            }
        },
        "@graphql-yoga/typed-event-target": {
            "version": "2.0.0",
            "resolved": "https://registry.npmjs.org/@graphql-yoga/typed-event-target/-/typed-event-target-2.0.0.tgz",
            "integrity": "sha512-oA/VGxGmaSDym1glOHrltw43qZsFwLLjBwvh57B79UKX/vo3+UQcRgOyE44c5RP7DCYjkrC2tuArZmb6jCzysw==",
            "requires": {
                "@repeaterjs/repeater": "^3.0.4",
                "tslib": "^2.5.2"
            }
        },
        "@repeaterjs/repeater": {
            "version": "3.0.4",
            "resolved": "https://registry.npmjs.org/@repeaterjs/repeater/-/repeater-3.0.4.tgz",
            "integrity": "sha512-AW8PKd6iX3vAZ0vA43nOUOnbq/X5ihgU+mSXXqunMkeQADGiqw/PY0JNeYtD5sr0PAy51YPgAPbDoeapv9r8WA=="
        },
        "@types/mysql": {
            "version": "2.15.6",
            "resolved": "https://registry.npmjs.org/@types/mysql/-/mysql-2.15.6.tgz",
            "integrity": "sha512-PJBY2R3jGJwGrmFgGAJ+1nj4S/PLkF6nT+HvUygniq9ZcVht0mTH1TLAjjyfIXf9FfrELs8mbqOrWa/Tn89NCA==",
            "optional": true,
            "requires": {
                "@types/node": "*"
            }
        },
        "@types/node": {
            "version": "12.0.5",
            "resolved": "https://registry.npmjs.org/@types/node/-/node-12.0.5.tgz",
            "integrity": "sha512-CFLSALoE+93+Hcb5pFjp0J1uMrrbLRe+L1+gFwerJ776R3TACSF0kTVRQ7AvRa7aFx70nqYHAc7wQPlt9kY2Mg==",
            "optional": true
        },
        "@whatwg-node/events": {
            "version": "0.1.1",
            "resolved": "https://registry.npmjs.org/@whatwg-node/events/-/events-0.1.1.tgz",
            "integrity": "sha512-AyQEn5hIPV7Ze+xFoXVU3QTHXVbWPrzaOkxtENMPMuNL6VVHrp4hHfDt9nrQpjO7BgvuM95dMtkycX5M/DZR3w=="
        },
        "@whatwg-node/fetch": {
            "version": "0.9.9",
            "resolved": "https://registry.npmjs.org/@whatwg-node/fetch/-/fetch-0.9.9.tgz",
            "integrity": "sha512-OTVoDm039CNyAWSRc2WBimMl/N9J4Fk2le21Xzcf+3OiWPNNSIbMnpWKBUyraPh2d9SAEgoBdQxTfVNihXgiUw==",
            "requires": {
                "@whatwg-node/node-fetch": "^0.4.8",
                "urlpattern-polyfill": "^9.0.0"
            }
        },
        "@whatwg-node/node-fetch": {
            "version": "0.4.14",
            "resolved": "https://registry.npmjs.org/@whatwg-node/node-fetch/-/node-fetch-0.4.14.tgz",
            "integrity": "sha512-ii/eZz2PcjLGj9D6WfsmfzlTzZV1Kz6MxYpq2Vc5P21J8vkKfENWC9B2ISsFCKovxElLukIwPg8HTrHFsLNflg==",
            "requires": {
                "@whatwg-node/events": "^0.1.0",
                "busboy": "^1.6.0",
                "fast-querystring": "^1.1.1",
                "fast-url-parser": "^1.1.3",
                "tslib": "^2.3.1"
            }
        },
        "@whatwg-node/server": {
            "version": "0.9.13",
            "resolved": "https://registry.npmjs.org/@whatwg-node/server/-/server-0.9.13.tgz",
            "integrity": "sha512-S4wL2RiAelX2gTE+jLRwd2Ep9v3qLai4LhRbw5TCLuquHh7CIqdpNhFDTHdEqE/OIgfy1OKOkRDYIhtCZqgLTQ==",
            "requires": {
                "@whatwg-node/fetch": "^0.9.7",
                "tslib": "^2.3.1"
            }
        },
        "bignumber.js": {
            "version": "7.2.1",
            "resolved": "https://registry.npmjs.org/bignumber.js/-/bignumber.js-7.2.1.tgz",
            "integrity": "sha512-S4XzBk5sMB+Rcb/LNcpzXr57VRTxgAvaAEDAl1AwRx27j00hT84O6OkteE7u8UB3NuaaygCRrEpqox4uDOrbdQ=="
        },
        "buffer-writer": {
            "version": "2.0.0",
            "resolved": "https://registry.npmjs.org/buffer-writer/-/buffer-writer-2.0.0.tgz",
            "integrity": "sha512-a7ZpuTZU1TRtnwyCNW3I5dc0wWNC3VR9S++Ewyk2HHZdrO3CQJqSpd+95Us590V6AL7JqUAH2IwZ/398PmNFgw=="
        },
        "busboy": {
            "version": "1.6.0",
            "resolved": "https://registry.npmjs.org/busboy/-/busboy-1.6.0.tgz",
            "integrity": "sha512-8SFQbg/0hQ9xy3UNTB0YEnsNBbWfhf7RtnzpL7TkBiTBRfrQ9Fxcnz7VJsleJpyp6rVLvXiuORqjlHi5q+PYuA==",
            "requires": {
                "streamsearch": "^1.1.0"
            }
        },
        "core-util-is": {
            "version": "1.0.2",
            "resolved": "https://registry.npmjs.org/core-util-is/-/core-util-is-1.0.2.tgz",
            "integrity": "sha1-tf1UIgqivFq1eqtxQMlAdUUDwac="
        },
        "dset": {
            "version": "3.1.2",
            "resolved": "https://registry.npmjs.org/dset/-/dset-3.1.2.tgz",
            "integrity": "sha512-g/M9sqy3oHe477Ar4voQxWtaPIFw1jTdKZuomOjhCcBx9nHUNn0pu6NopuFFrTh/TRZIKEj+76vLWFu9BNKk+Q=="
        },
        "fast-decode-uri-component": {
            "version": "1.0.1",
            "resolved": "https://registry.npmjs.org/fast-decode-uri-component/-/fast-decode-uri-component-1.0.1.tgz",
            "integrity": "sha512-WKgKWg5eUxvRZGwW8FvfbaH7AXSh2cL+3j5fMGzUMCxWBJ3dV3a7Wz8y2f/uQ0e3B6WmodD3oS54jTQ9HVTIIg=="
        },
        "fast-querystring": {
            "version": "1.1.2",
            "resolved": "https://registry.npmjs.org/fast-querystring/-/fast-querystring-1.1.2.tgz",
            "integrity": "sha512-g6KuKWmFXc0fID8WWH0jit4g0AGBoJhCkJMb1RmbsSEUNvQ+ZC8D6CUZ+GtF8nMzSPXnhiePyyqqipzNNEnHjg==",
            "requires": {
                "fast-decode-uri-component": "^1.0.1"
            }
        },
        "fast-url-parser": {
            "version": "1.1.3",
            "resolved": "https://registry.npmjs.org/fast-url-parser/-/fast-url-parser-1.1.3.tgz",
            "integrity": "sha512-5jOCVXADYNuRkKFzNJ0dCCewsZiYo0dz8QNYljkOpFC6r2U4OBmKtvm/Tsuh4w1YYdDqDb31a8TVhBJ2OJKdqQ==",
            "requires": {
                "punycode": "^1.3.2"
            }
        },
        "graphql-yoga": {
            "version": "4.0.4",
            "resolved": "https://registry.npmjs.org/graphql-yoga/-/graphql-yoga-4.0.4.tgz",
            "integrity": "sha512-MvCLhFecYNIKuxAZisPjpIL9lxRYbpgPSNKENDO/8CV3oiFlsLJHZb5dp2sVAeLafXHeZ9TgkijLthUBc1+Jag==",
            "requires": {
                "@envelop/core": "^4.0.0",
                "@graphql-tools/executor": "^1.0.0",
                "@graphql-tools/schema": "^10.0.0",
                "@graphql-tools/utils": "^10.0.0",
                "@graphql-yoga/logger": "^1.0.0",
                "@graphql-yoga/subscription": "^4.0.0",
                "@whatwg-node/fetch": "^0.9.7",
                "@whatwg-node/server": "^0.9.1",
                "dset": "^3.1.1",
                "lru-cache": "^10.0.0",
                "tslib": "^2.5.2"
            }
        },
        "inherits": {
            "version": "2.0.3",
            "resolved": "https://registry.npmjs.org/inherits/-/inherits-2.0.3.tgz",
            "integrity": "sha1-Yzwsg+PaQqUC9SRmAiSA9CCCYd4="
        },
        "lru-cache": {
            "version": "10.0.1",
            "resolved": "https://registry.npmjs.org/lru-cache/-/lru-cache-10.0.1.tgz",
            "integrity": "sha512-IJ4uwUTi2qCccrioU6g9g/5rvvVl13bsdczUUcqbciD9iLr095yj8DQKdObriEvuNSx325N1rV1O0sJFszx75g=="
        },
        "mysql": {
            "version": "2.17.1",
            "resolved": "https://registry.npmjs.org/mysql/-/mysql-2.17.1.tgz",
            "integrity": "sha512-7vMqHQ673SAk5C8fOzTG2LpPcf3bNt0oL3sFpxPEEFp1mdlDcrLK0On7z8ZYKaaHrHwNcQ/MTUz7/oobZ2OyyA==",
            "requires": {
                "bignumber.js": "7.2.1",
                "readable-stream": "2.3.6",
                "safe-buffer": "5.1.2",
                "sqlstring": "2.3.1"
            },
            "dependencies": {
                "isarray": {
                    "version": "1.0.0",
                    "resolved": "https://registry.npmjs.org/isarray/-/isarray-1.0.0.tgz",
                    "integrity": "sha1-u5NdSFgsuhaMBoNJV6VKPgcSTxE="
                },
                "readable-stream": {
                    "version": "2.3.6",
                    "resolved": "https://registry.npmjs.org/readable-stream/-/readable-stream-2.3.6.tgz",
                    "integrity": "sha512-tQtKA9WIAhBF3+VLAseyMqZeBjW0AHJoxOtYqSUZNJxauErmLbVm2FW1y+J/YA9dUrAC39ITejlZWhVIwawkKw==",
                    "requires": {
                        "core-util-is": "~1.0.0",
                        "inherits": "~2.0.3",
                        "isarray": "~1.0.0",
                        "process-nextick-args": "~2.0.0",
                        "safe-buffer": "~5.1.1",
                        "string_decoder": "~1.1.1",
                        "util-deprecate": "~1.0.1"
                    }
                },
                "string_decoder": {
                    "version": "1.1.1",
                    "resolved": "https://registry.npmjs.org/string_decoder/-/string_decoder-1.1.1.tgz",
                    "integrity": "sha512-n/ShnvDi6FHbbVfviro+WojiFzv+s8MPMHBczVePfUpDJLwoLT0ht1l4YwBCbi8pJAveEEdnkHyPyTP/mzRfwg==",
                    "requires": {
                        "safe-buffer": "~5.1.0"
                    }
                }
            }
        },
        "packet-reader": {
            "version": "1.0.0",
            "resolved": "https://registry.npmjs.org/packet-reader/-/packet-reader-1.0.0.tgz",
            "integrity": "sha512-HAKu/fG3HpHFO0AA8WE8q2g+gBJaZ9MG7fcKk+IJPLTGAD6Psw4443l+9DGRbOIh3/aXr7Phy0TjilYivJo5XQ=="
        },
        "pg": {
            "version": "7.11.0",
            "resolved": "https://registry.npmjs.org/pg/-/pg-7.11.0.tgz",
            "integrity": "sha512-YO4V7vCmEMGoF390LJaFaohWNKaA2ayoQOEZmiHVcAUF+YsRThpf/TaKCgSvsSE7cDm37Q/Cy3Gz41xiX/XjTw==",
            "requires": {
                "buffer-writer": "2.0.0",
                "packet-reader": "1.0.0",
                "pg-connection-string": "0.1.3",
                "pg-pool": "^2.0.4",
                "pg-types": "~2.0.0",
                "pgpass": "1.x",
                "semver": "4.3.2"
            },
            "dependencies": {
                "semver": {
                    "version": "4.3.2",
                    "resolved": "https://registry.npmjs.org/semver/-/semver-4.3.2.tgz",
                    "integrity": "sha1-x6BxWKgL7dBSNVt3DYLWZA+AO+c="
                }
            }
        },
        "pg-connection-string": {
            "version": "0.1.3",
            "resolved": "https://registry.npmjs.org/pg-connection-string/-/pg-connection-string-0.1.3.tgz",
            "integrity": "sha1-2hhHsglA5C7hSSvq9l1J2RskXfc="
        },
        "pg-int8": {
            "version": "1.0.1",
            "resolved": "https://registry.npmjs.org/pg-int8/-/pg-int8-1.0.1.tgz",
            "integrity": "sha512-WCtabS6t3c8SkpDBUlb1kjOs7l66xsGdKpIPZsg4wR+B3+u9UAum2odSsF9tnvxg80h4ZxLWMy4pRjOsFIqQpw=="
        },
        "pg-pool": {
            "version": "2.0.6",
            "resolved": "https://registry.npmjs.org/pg-pool/-/pg-pool-2.0.6.tgz",
            "integrity": "sha512-hod2zYQxM8Gt482q+qONGTYcg/qVcV32VHVPtktbBJs0us3Dj7xibISw0BAAXVMCzt8A/jhfJvpZaxUlqtqs0g=="
        },
        "pg-types": {
            "version": "2.0.1",
            "resolved": "https://registry.npmjs.org/pg-types/-/pg-types-2.0.1.tgz",
            "integrity": "sha512-b7y6QM1VF5nOeX9ukMQ0h8a9z89mojrBHXfJeSug4mhL0YpxNBm83ot2TROyoAmX/ZOX3UbwVO4EbH7i1ZZNiw==",
            "requires": {
                "pg-int8": "1.0.1",
                "postgres-array": "~2.0.0",
                "postgres-bytea": "~1.0.0",
                "postgres-date": "~1.0.4",
                "postgres-interval": "^1.1.0"
            }
        },
        "pgpass": {
            "version": "1.0.2",
            "resolved": "https://registry.npmjs.org/pgpass/-/pgpass-1.0.2.tgz",
            "integrity": "sha1-Knu0G2BltnkH6R2hsHwYR8h3swY=",
            "requires": {
                "split": "^1.0.0"
            }
        },
        "postgres-array": {
            "version": "2.0.0",
            "resolved": "https://registry.npmjs.org/postgres-array/-/postgres-array-2.0.0.tgz",
            "integrity": "sha512-VpZrUqU5A69eQyW2c5CA1jtLecCsN2U/bD6VilrFDWq5+5UIEVO7nazS3TEcHf1zuPYO/sqGvUvW62g86RXZuA=="
        },
        "postgres-bytea": {
            "version": "1.0.0",
            "resolved": "https://registry.npmjs.org/postgres-bytea/-/postgres-bytea-1.0.0.tgz",
            "integrity": "sha1-AntTPAqokOJtFy1Hz5zOzFIazTU="
        },
        "postgres-date": {
            "version": "1.0.4",
            "resolved": "https://registry.npmjs.org/postgres-date/-/postgres-date-1.0.4.tgz",
            "integrity": "sha512-bESRvKVuTrjoBluEcpv2346+6kgB7UlnqWZsnbnCccTNq/pqfj1j6oBaN5+b/NrDXepYUT/HKadqv3iS9lJuVA=="
        },
        "postgres-interval": {
            "version": "1.2.0",
            "resolved": "https://registry.npmjs.org/postgres-interval/-/postgres-interval-1.2.0.tgz",
            "integrity": "sha512-9ZhXKM/rw350N1ovuWHbGxnGh/SNJ4cnxHiM0rxE4VN41wsg8P8zWn9hv/buK00RP4WvlOyr/RBDiptyxVbkZQ==",
            "requires": {
                "xtend": "^4.0.0"
            }
        },
        "process-nextick-args": {
            "version": "2.0.0",
            "resolved": "https://registry.npmjs.org/process-nextick-args/-/process-nextick-args-2.0.0.tgz",
            "integrity": "sha512-MtEC1TqN0EU5nephaJ4rAtThHtC86dNN9qCuEhtshvpVBkAW5ZO7BASN9REnF9eoXGcRub+pFuKEpOHE+HbEMw=="
        },
        "punycode": {
            "version": "1.4.1",
            "resolved": "https://registry.npmjs.org/punycode/-/punycode-1.4.1.tgz",
            "integrity": "sha512-jmYNElW7yvO7TV33CjSmvSiE2yco3bV2czu/OzDKdMNVZQWfxCblURLhf+47syQRBntjfLdd/H0egrzIG+oaFQ=="
        },
        "safe-buffer": {
            "version": "5.1.2",
            "resolved": "https://registry.npmjs.org/safe-buffer/-/safe-buffer-5.1.2.tgz",
            "integrity": "sha512-Gd2UZBJDkXlY7GbJxfsE8/nvKkUEU1G38c1siN6QP6a9PT9MmHB8GnpscSmMJSoF8LOIrt8ud/wPtojys4G6+g=="
        },
        "serverless-mysql": {
            "version": "1.4.0",
            "resolved": "https://registry.npmjs.org/serverless-mysql/-/serverless-mysql-1.4.0.tgz",
            "integrity": "sha512-u5choBi4S8ygvu3MCktNV24IN7MOzIbdXya580U5diMTMsLjuKOlez2/zf7R2GktdNqQ3ksKEw9K26kLTygZHA==",
            "requires": {
                "@types/mysql": "^2.15.6",
                "mysql": "^2.17.1"
            }
        },
        "serverless-pseudo-parameters": {
            "version": "2.4.0",
            "resolved": "https://registry.npmjs.org/serverless-pseudo-parameters/-/serverless-pseudo-parameters-2.4.0.tgz",
            "integrity": "sha512-lb9R62PUFdEAbbYH7pe1wzR7vtIpa8YI8OVcQ5LlLyE0+AxWG4bwEw33X5LE8+5oLwTy57Y/EevnxKnMeyiXxw==",
            "dev": true
        },
        "split": {
            "version": "1.0.1",
            "resolved": "https://registry.npmjs.org/split/-/split-1.0.1.tgz",
            "integrity": "sha512-mTyOoPbrivtXnwnIxZRFYRrPNtEFKlpB2fvjSnCQUiAA6qAZzqwna5envK4uk6OIeP17CsdF3rSBGYVBsU0Tkg==",
            "requires": {
                "through": "2"
            }
        },
        "sqlstring": {
            "version": "2.3.1",
            "resolved": "https://registry.npmjs.org/sqlstring/-/sqlstring-2.3.1.tgz",
            "integrity": "sha1-R1OT/56RR5rqYtyvDKPRSYOn+0A="
        },
        "streamsearch": {
            "version": "1.1.0",
            "resolved": "https://registry.npmjs.org/streamsearch/-/streamsearch-1.1.0.tgz",
            "integrity": "sha512-Mcc5wHehp9aXz1ax6bZUyY5afg9u2rv5cqQI3mRrYkGC8rW2hM02jWuwjtL++LS5qinSyhj2QfLyNsuc+VsExg=="
        },
        "through": {
            "version": "2.3.8",
            "resolved": "https://registry.npmjs.org/through/-/through-2.3.8.tgz",
            "integrity": "sha1-DdTJ/6q8NXlgsbckEV1+Doai4fU="
        },
        "tslib": {
            "version": "2.6.2",
            "resolved": "https://registry.npmjs.org/tslib/-/tslib-2.6.2.tgz",
            "integrity": "sha512-AEYxH93jGFPn/a2iVAwW87VuUIkR1FVUKB77NwMF7nBTDkDrrT/Hpt/IrCJ0QXhW27jTBDcf5ZY7w6RiqTMw2Q=="
        },
        "urlpattern-polyfill": {
            "version": "9.0.0",
            "resolved": "https://registry.npmjs.org/urlpattern-polyfill/-/urlpattern-polyfill-9.0.0.tgz",
            "integrity": "sha512-WHN8KDQblxd32odxeIgo83rdVDE2bvdkb86it7bMhYZwWKJz0+O0RK/eZiHYnM+zgt/U7hAHOlCQGfjjvSkw2g=="
        },
        "util-deprecate": {
            "version": "1.0.2",
            "resolved": "https://registry.npmjs.org/util-deprecate/-/util-deprecate-1.0.2.tgz",
            "integrity": "sha1-RQ1Nyfpw3nMnYvvS1KKJgUGaDM8="
        },
        "uuid": {
            "version": "3.3.2",
            "resolved": "https://registry.npmjs.org/uuid/-/uuid-3.3.2.tgz",
            "integrity": "sha512-yXJmeNaw3DnnKAOKJE51sL/ZaYfWJRl1pK9dr19YFCu0ObS231AB1/LbqTKRAQ5kw8A90rA6fr4riOUpTZvQZA=="
        },
        "value-or-promise": {
            "version": "1.0.12",
            "resolved": "https://registry.npmjs.org/value-or-promise/-/value-or-promise-1.0.12.tgz",
            "integrity": "sha512-Z6Uz+TYwEqE7ZN50gwn+1LCVo9ZVrpxRPOhOLnncYkY1ZzOYtrX8Fwf/rFktZ8R5mJms6EZf5TqNOMeZmnPq9Q=="
        },
        "xtend": {
            "version": "4.0.1",
            "resolved": "https://registry.npmjs.org/xtend/-/xtend-4.0.1.tgz",
            "integrity": "sha1-pcbVMr5lbiPbgg77lDofBJmNY68="
        }
    }
}
